
Microsoft Visual Studio Solution File, Format Version 12.00
# Visual Studio Version 17
VisualStudioVersion = 17.5.33402.96
MinimumVisualStudioVersion = 10.0.40219.1
Project("{9A19103F-16F7-4668-BE54-9A1E7A4F7556}") = "Task2.BLL", "Task2.BLL\Task2.BLL.csproj", "{87DCA080-210D-42F8-8573-B45CB5AD674D}"
EndProject
Project("{9A19103F-16F7-4668-BE54-9A1E7A4F7556}") = "Task2.DAL", "Task2.DAL\Task2.DAL.csproj", "{ADB427F8-1CB6-4BD9-8AEE-EAA7D2295885}"
EndProject
Project("{9A19103F-16F7-4668-BE54-9A1E7A4F7556}") = "Task2.PL", "Task2.PL\Task2.PL.csproj", "{65C04706-96F1-4E86-A7B6-6E343C2F4D38}"
EndProject
Project("{2150E333-8FDC-42A3-9474-1A3956D46DE8}") = "Solution Items", "Solution Items", "{42C6E0D7-E4E6-4024-856F-1DEF288A6B32}"
	ProjectSection(SolutionItems) = preProject
		.gitignore = .gitignore
	EndProjectSection
EndProject
Project("{FAE04EC0-301F-11D3-BF4B-00C04F79EFBC}") = "Task2.ModelsLibrary", "Task2.ModelsLibrary\Task2.ModelsLibrary.csproj", "{5EC499F6-D3A3-43E7-98B9-0B1A4CC56E89}"
EndProject
Global
	GlobalSection(SolutionConfigurationPlatforms) = preSolution
		Debug|Any CPU = Debug|Any CPU
		Release|Any CPU = Release|Any CPU
	EndGlobalSection
	GlobalSection(ProjectConfigurationPlatforms) = postSolution
		{87DCA080-210D-42F8-8573-B45CB5AD674D}.Debug|Any CPU.ActiveCfg = Debug|Any CPU
		{87DCA080-210D-42F8-8573-B45CB5AD674D}.Debug|Any CPU.Build.0 = Debug|Any CPU
		{87DCA080-210D-42F8-8573-B45CB5AD674D}.Release|Any CPU.ActiveCfg = Release|Any CPU
		{87DCA080-210D-42F8-8573-B45CB5AD674D}.Release|Any CPU.Build.0 = Release|Any CPU
		{ADB427F8-1CB6-4BD9-8AEE-EAA7D2295885}.Debug|Any CPU.ActiveCfg = Debug|Any CPU
		{ADB427F8-1CB6-4BD9-8AEE-EAA7D2295885}.Debug|Any CPU.Build.0 = Debug|Any CPU
		{ADB427F8-1CB6-4BD9-8AEE-EAA7D2295885}.Release|Any CPU.ActiveCfg = Release|Any CPU
		{ADB427F8-1CB6-4BD9-8AEE-EAA7D2295885}.Release|Any CPU.Build.0 = Release|Any CPU
		{65C04706-96F1-4E86-A7B6-6E343C2F4D38}.Debug|Any CPU.ActiveCfg = Debug|Any CPU
		{65C04706-96F1-4E86-A7B6-6E343C2F4D38}.Debug|Any CPU.Build.0 = Debug|Any CPU
		{65C04706-96F1-4E86-A7B6-6E343C2F4D38}.Release|Any CPU.ActiveCfg = Release|Any CPU
		{65C04706-96F1-4E86-A7B6-6E343C2F4D38}.Release|Any CPU.Build.0 = Release|Any CPU
		{5EC499F6-D3A3-43E7-98B9-0B1A4CC56E89}.Debug|Any CPU.ActiveCfg = Debug|Any CPU
		{5EC499F6-D3A3-43E7-98B9-0B1A4CC56E89}.Debug|Any CPU.Build.0 = Debug|Any CPU
		{5EC499F6-D3A3-43E7-98B9-0B1A4CC56E89}.Release|Any CPU.ActiveCfg = Release|Any CPU
		{5EC499F6-D3A3-43E7-98B9-0B1A4CC56E89}.Release|Any CPU.Build.0 = Release|Any CPU
	EndGlobalSection
	GlobalSection(SolutionProperties) = preSolution
		HideSolutionNode = FALSE
	EndGlobalSection
	GlobalSection(ExtensibilityGlobals) = postSolution
		SolutionGuid = {2E3D47E2-8F1C-4008-BE8E-AD103ECDC50A}
	EndGlobalSection
EndGlobal
